
Microsoft Visual Studio Solution File, Format Version 12.00
# Visual Studio Version 16
VisualStudioVersion = 16.0.31205.134
MinimumVisualStudioVersion = 10.0.40219.1
Project("{FAE04EC0-301F-11D3-BF4B-00C04F79EFBC}") = "UserWebService", "UserWebService.csproj", "{6E6CD9BD-63E5-44B5-86B2-CBA5646B4779}"
EndProject
Global
	GlobalSection(SolutionConfigurationPlatforms) = preSolution
		Debug|Any CPU = Debug|Any CPU
		Release|Any CPU = Release|Any CPU
	EndGlobalSection
	GlobalSection(ProjectConfigurationPlatforms) = postSolution
		{6E6CD9BD-63E5-44B5-86B2-CBA5646B4779}.Debug|Any CPU.ActiveCfg = Debug|Any CPU
		{6E6CD9BD-63E5-44B5-86B2-CBA5646B4779}.Debug|Any CPU.Build.0 = Debug|Any CPU
		{6E6CD9BD-63E5-44B5-86B2-CBA5646B4779}.Release|Any CPU.ActiveCfg = Release|Any CPU
		{6E6CD9BD-63E5-44B5-86B2-CBA5646B4779}.Release|Any CPU.Build.0 = Release|Any CPU
	EndGlobalSection
	GlobalSection(SolutionProperties) = preSolution
		HideSolutionNode = FALSE
	EndGlobalSection
	GlobalSection(ExtensibilityGlobals) = postSolution
		SolutionGuid = {2BC52AD3-C4C9-4A3B-AD32-D7173039FB74}
	EndGlobalSection
EndGlobal
